<?xml version="1.0" encoding="utf-8"?>
<Project ToolsVersion="4.0" xmlns="http://schemas.microsoft.com/developer/msbuild/2003">
  <ItemGroup>
    <Filter Include="Исходные файлы">
      <UniqueIdentifier>{4FC737F1-C7A5-4376-A066-2A32D752A2FF}</UniqueIdentifier>
      <Extensions>cpp;c;cc;cxx;c++;cppm;ixx;def;odl;idl;hpj;bat;asm;asmx</Extensions>
    </Filter>
    <Filter Include="Form">
      <UniqueIdentifier>{93995380-89BD-4b04-88EB-625FBE52EBFB}</UniqueIdentifier>
      <Extensions>h;hh;hpp;hxx;h++;hm;inl;inc;ipp;xsd</Extensions>
    </Filter>
    <Filter Include="Figure">
      <UniqueIdentifier>{4fcf4449-edfa-4b45-b3b3-89f8abeb723f}</UniqueIdentifier>
    </Filter>
    <Filter Include="DLL">
      <UniqueIdentifier>{5720087b-79c2-47bd-ae10-b18e8141e068}</UniqueIdentifier>
    </Filter>
    <Filter Include="ColorsPanel">
      <UniqueIdentifier>{8b0ab5b4-561c-4fbe-a30a-f471ae9b5480}</UniqueIdentifier>
    </Filter>
    <Filter Include="FiguresPanel">
      <UniqueIdentifier>{2e10396d-e9f7-40ba-ac4f-1a3d58a5a02e}</UniqueIdentifier>
    </Filter>
    <Filter Include="CanvasCommand">
      <UniqueIdentifier>{38ddc767-80af-4c2b-a749-31076b7e8dbb}</UniqueIdentifier>
    </Filter>
    <Filter Include="Plugin">
      <UniqueIdentifier>{ae9782a5-e33c-467b-8ab4-e2053b289390}</UniqueIdentifier>
    </Filter>
    <Filter Include="Exception">
      <UniqueIdentifier>{a66e3aee-1400-4f5b-a6c6-ae946f5e089b}</UniqueIdentifier>
    </Filter>
    <Filter Include="MyCanvas">
      <UniqueIdentifier>{de288aa6-2446-4ae1-974f-4c712afd8668}</UniqueIdentifier>
    </Filter>
  </ItemGroup>
  <ItemGroup>
    <ClCompile Include="main.cpp">
      <Filter>Исходные файлы</Filter>
    </ClCompile>
  </ItemGroup>
  <ItemGroup>
    <ClInclude Include="Exception.hpp">
      <Filter>Exception</Filter>
    </ClInclude>
    <ClInclude Include="..\WinApiFormLibrary\Library\FormsLibrary.hpp">
      <Filter>Form</Filter>
    </ClInclude>
    <ClInclude Include="DLL\DLL.hpp">
      <Filter>DLL</Filter>
    </ClInclude>
    <ClInclude Include="Panels\ColorsPanel\ColorsPanel.hpp">
      <Filter>ColorsPanel</Filter>
    </ClInclude>
    <ClInclude Include="CanvasCommand\CanvasCommand.hpp">
      <Filter>CanvasCommand</Filter>
    </ClInclude>
    <ClInclude Include="PaintCanvas\MyCanvas.hpp">
      <Filter>MyCanvas</Filter>
    </ClInclude>
    <ClInclude Include="AsbtractFigure\AbstractFigure.hpp">
      <Filter>Figure</Filter>
    </ClInclude>
    <ClInclude Include="Panels\FiguresPanel\FiguresPanel.hpp">
      <Filter>FiguresPanel</Filter>
    </ClInclude>
    <ClInclude Include="Plugin\BasicPlugin.hpp">
      <Filter>Plugin</Filter>
    </ClInclude>
    <ClInclude Include="Plugin\FigurePlugin.hpp">
      <Filter>Plugin</Filter>
    </ClInclude>
  </ItemGroup>
</Project>